
Microsoft Visual Studio Solution File, Format Version 12.00
# Visual Studio Version 17
VisualStudioVersion = 17.6.33723.286
MinimumVisualStudioVersion = 10.0.40219.1
Project("{FAE04EC0-301F-11D3-BF4B-00C04F79EFBC}") = "MyVid.Core", "MyVid.Core\MyVid.Core.csproj", "{E1B276DD-2BE7-45F4-8678-48C2E064C172}"
EndProject
Project("{FAE04EC0-301F-11D3-BF4B-00C04F79EFBC}") = "MyVid.Services", "MyVid.Services\MyVid.Services.csproj", "{E520793D-43AD-492D-AFEE-FA702F8245D7}"
EndProject
Project("{FAE04EC0-301F-11D3-BF4B-00C04F79EFBC}") = "myVid.Data", "myVid.Data\myVid.Data.csproj", "{D1AE2EA0-11FB-410F-9BF0-3A9F0370B000}"
EndProject
Project("{FAE04EC0-301F-11D3-BF4B-00C04F79EFBC}") = "MyVid.Web", "MyVid.Web\MyVid.Web.csproj", "{98EC9FE7-4ED3-4E62-B591-6EE035F7735F}"
EndProject
Global
	GlobalSection(SolutionConfigurationPlatforms) = preSolution
		Debug|Any CPU = Debug|Any CPU
		Release|Any CPU = Release|Any CPU
	EndGlobalSection
	GlobalSection(ProjectConfigurationPlatforms) = postSolution
		{E1B276DD-2BE7-45F4-8678-48C2E064C172}.Debug|Any CPU.ActiveCfg = Debug|Any CPU
		{E1B276DD-2BE7-45F4-8678-48C2E064C172}.Debug|Any CPU.Build.0 = Debug|Any CPU
		{E1B276DD-2BE7-45F4-8678-48C2E064C172}.Release|Any CPU.ActiveCfg = Release|Any CPU
		{E1B276DD-2BE7-45F4-8678-48C2E064C172}.Release|Any CPU.Build.0 = Release|Any CPU
		{E520793D-43AD-492D-AFEE-FA702F8245D7}.Debug|Any CPU.ActiveCfg = Debug|Any CPU
		{E520793D-43AD-492D-AFEE-FA702F8245D7}.Debug|Any CPU.Build.0 = Debug|Any CPU
		{E520793D-43AD-492D-AFEE-FA702F8245D7}.Release|Any CPU.ActiveCfg = Release|Any CPU
		{E520793D-43AD-492D-AFEE-FA702F8245D7}.Release|Any CPU.Build.0 = Release|Any CPU
		{D1AE2EA0-11FB-410F-9BF0-3A9F0370B000}.Debug|Any CPU.ActiveCfg = Debug|Any CPU
		{D1AE2EA0-11FB-410F-9BF0-3A9F0370B000}.Debug|Any CPU.Build.0 = Debug|Any CPU
		{D1AE2EA0-11FB-410F-9BF0-3A9F0370B000}.Release|Any CPU.ActiveCfg = Release|Any CPU
		{D1AE2EA0-11FB-410F-9BF0-3A9F0370B000}.Release|Any CPU.Build.0 = Release|Any CPU
		{98EC9FE7-4ED3-4E62-B591-6EE035F7735F}.Debug|Any CPU.ActiveCfg = Debug|Any CPU
		{98EC9FE7-4ED3-4E62-B591-6EE035F7735F}.Debug|Any CPU.Build.0 = Debug|Any CPU
		{98EC9FE7-4ED3-4E62-B591-6EE035F7735F}.Release|Any CPU.ActiveCfg = Release|Any CPU
		{98EC9FE7-4ED3-4E62-B591-6EE035F7735F}.Release|Any CPU.Build.0 = Release|Any CPU
	EndGlobalSection
	GlobalSection(SolutionProperties) = preSolution
		HideSolutionNode = FALSE
	EndGlobalSection
	GlobalSection(ExtensibilityGlobals) = postSolution
		SolutionGuid = {A36C77FA-B7F2-4C3B-97DD-BE76C9185F24}
	EndGlobalSection
EndGlobal
